
Microsoft Visual Studio Solution File, Format Version 12.00
# Visual Studio Version 17
VisualStudioVersion = 17.8.34511.84
MinimumVisualStudioVersion = 10.0.40219.1
Project("{FAE04EC0-301F-11D3-BF4B-00C04F79EFBC}") = "Parsing Enums", "Parsing Enums\Parsing Enums.csproj", "{B20F0D45-546E-4957-AF6C-209AE57C3BCB}"
EndProject
Global
	GlobalSection(SolutionConfigurationPlatforms) = preSolution
		Debug|Any CPU = Debug|Any CPU
		Release|Any CPU = Release|Any CPU
	EndGlobalSection
	GlobalSection(ProjectConfigurationPlatforms) = postSolution
		{B20F0D45-546E-4957-AF6C-209AE57C3BCB}.Debug|Any CPU.ActiveCfg = Debug|Any CPU
		{B20F0D45-546E-4957-AF6C-209AE57C3BCB}.Debug|Any CPU.Build.0 = Debug|Any CPU
		{B20F0D45-546E-4957-AF6C-209AE57C3BCB}.Release|Any CPU.ActiveCfg = Release|Any CPU
		{B20F0D45-546E-4957-AF6C-209AE57C3BCB}.Release|Any CPU.Build.0 = Release|Any CPU
	EndGlobalSection
	GlobalSection(SolutionProperties) = preSolution
		HideSolutionNode = FALSE
	EndGlobalSection
	GlobalSection(ExtensibilityGlobals) = postSolution
		SolutionGuid = {5CC6E87F-528D-4F22-94BB-E8D66C647109}
	EndGlobalSection
EndGlobal
