
Microsoft Visual Studio Solution File, Format Version 12.00
# Visual Studio Version 17
VisualStudioVersion = 17.8.34511.84
MinimumVisualStudioVersion = 10.0.40219.1
Project("{FAE04EC0-301F-11D3-BF4B-00C04F79EFBC}") = "DataTimeTask", "DataTimeTask\DataTimeTask.csproj", "{5CAA7A99-1B3A-4D41-AF3E-6630C42B8CA3}"
EndProject
Global
	GlobalSection(SolutionConfigurationPlatforms) = preSolution
		Debug|Any CPU = Debug|Any CPU
		Release|Any CPU = Release|Any CPU
	EndGlobalSection
	GlobalSection(ProjectConfigurationPlatforms) = postSolution
		{5CAA7A99-1B3A-4D41-AF3E-6630C42B8CA3}.Debug|Any CPU.ActiveCfg = Debug|Any CPU
		{5CAA7A99-1B3A-4D41-AF3E-6630C42B8CA3}.Debug|Any CPU.Build.0 = Debug|Any CPU
		{5CAA7A99-1B3A-4D41-AF3E-6630C42B8CA3}.Release|Any CPU.ActiveCfg = Release|Any CPU
		{5CAA7A99-1B3A-4D41-AF3E-6630C42B8CA3}.Release|Any CPU.Build.0 = Release|Any CPU
	EndGlobalSection
	GlobalSection(SolutionProperties) = preSolution
		HideSolutionNode = FALSE
	EndGlobalSection
	GlobalSection(ExtensibilityGlobals) = postSolution
		SolutionGuid = {1629062C-ECD0-45E2-B907-93F43D5D3137}
	EndGlobalSection
EndGlobal
